// !$*UTF8*$!
{
	archiveVersion = 1;
	classes = {
	};
	objectVersion = 50;
	objects = {

/* Begin PBXBuildFile section */
		506EE5B323C1A44D00187676 /* HNTHello.m in Sources */ = {isa = PBXBuildFile; fileRef = 506EE5B223C1A44D00187676 /* HNTHello.m */; };
		506EE5BB23C1A5A800187676 /* SwiftB.swift in Sources */ = {isa = PBXBuildFile; fileRef = 506EE5BA23C1A5A800187676 /* SwiftB.swift */; };
		506EE5C023C1A72600187676 /* libObjcA.a in Frameworks */ = {isa = PBXBuildFile; fileRef = 506EE5A823C1A3F800187676 /* libObjcA.a */; };
		506EE5C123C1A72600187676 /* libSwiftB.a in Frameworks */ = {isa = PBXBuildFile; fileRef = 506EE5B823C1A5A800187676 /* libSwiftB.a */; };
		506EE5CA23C1A7ED00187676 /* SwiftSource.swift in Sources */ = {isa = PBXBuildFile; fileRef = 506EE5C923C1A7ED00187676 /* SwiftSource.swift */; };
		506EE5D223C1AB8600187676 /* SwiftA.swift in Sources */ = {isa = PBXBuildFile; fileRef = 506EE5D123C1AB8600187676 /* SwiftA.swift */; };
		506EE5E523C1AC5500187676 /* HNTSolver.m in Sources */ = {isa = PBXBuildFile; fileRef = 506EE5E423C1AC5500187676 /* HNTSolver.m */; };
		506EE5E823C1ACE100187676 /* libObjcB.a in Frameworks */ = {isa = PBXBuildFile; fileRef = 506EE5DA23C1AC0700187676 /* libObjcB.a */; };
		506EE5E923C1ACE100187676 /* libSwiftA.a in Frameworks */ = {isa = PBXBuildFile; fileRef = 506EE5CF23C1AB8600187676 /* libSwiftA.a */; };
		506EE5FE23C1F90300187676 /* HNTInnerHello.m in Sources */ = {isa = PBXBuildFile; fileRef = 506EE5FD23C1F90300187676 /* HNTInnerHello.m */; };
		506EE60223C1FA2C00187676 /* HNTDeep.m in Sources */ = {isa = PBXBuildFile; fileRef = 506EE60123C1FA2C00187676 /* HNTDeep.m */; };
		50BCC64D23C19362009EB421 /* AppDelegate.m in Sources */ = {isa = PBXBuildFile; fileRef = 50BCC64C23C19362009EB421 /* AppDelegate.m */; };
		50BCC65023C19362009EB421 /* SceneDelegate.m in Sources */ = {isa = PBXBuildFile; fileRef = 50BCC64F23C19362009EB421 /* SceneDelegate.m */; };
		50BCC65323C19362009EB421 /* ViewController.m in Sources */ = {isa = PBXBuildFile; fileRef = 50BCC65223C19362009EB421 /* ViewController.m */; };
		50BCC65623C19362009EB421 /* Main.storyboard in Resources */ = {isa = PBXBuildFile; fileRef = 50BCC65423C19362009EB421 /* Main.storyboard */; };
		50BCC65823C19364009EB421 /* Assets.xcassets in Resources */ = {isa = PBXBuildFile; fileRef = 50BCC65723C19364009EB421 /* Assets.xcassets */; };
		50BCC65B23C19364009EB421 /* LaunchScreen.storyboard in Resources */ = {isa = PBXBuildFile; fileRef = 50BCC65923C19364009EB421 /* LaunchScreen.storyboard */; };
		50BCC65E23C19364009EB421 /* main.m in Sources */ = {isa = PBXBuildFile; fileRef = 50BCC65D23C19364009EB421 /* main.m */; };
		50BCC66823C19364009EB421 /* StaticAgeruyoTests.m in Sources */ = {isa = PBXBuildFile; fileRef = 50BCC66723C19364009EB421 /* StaticAgeruyoTests.m */; };
/* End PBXBuildFile section */

/* Begin PBXContainerItemProxy section */
		506EE5C423C1A73300187676 /* PBXContainerItemProxy */ = {
			isa = PBXContainerItemProxy;
			containerPortal = 50BCC64023C19361009EB421 /* Project object */;
			proxyType = 1;
			remoteGlobalIDString = 506EE5B723C1A5A800187676;
			remoteInfo = SwiftB;
		};
		506EE5C623C1A74000187676 /* PBXContainerItemProxy */ = {
			isa = PBXContainerItemProxy;
			containerPortal = 50BCC64023C19361009EB421 /* Project object */;
			proxyType = 1;
			remoteGlobalIDString = 506EE5A723C1A3F800187676;
			remoteInfo = ObjcA;
		};
		506EE5E623C1ACD200187676 /* PBXContainerItemProxy */ = {
			isa = PBXContainerItemProxy;
			containerPortal = 50BCC64023C19361009EB421 /* Project object */;
			proxyType = 1;
			remoteGlobalIDString = 506EE5D923C1AC0700187676;
			remoteInfo = ObjcB;
		};
		506EE5EA23C1E2F000187676 /* PBXContainerItemProxy */ = {
			isa = PBXContainerItemProxy;
			containerPortal = 50BCC64023C19361009EB421 /* Project object */;
			proxyType = 1;
			remoteGlobalIDString = 506EE5CE23C1AB8600187676;
			remoteInfo = SwiftA;
		};
		506EE5F323C1F29100187676 /* PBXContainerItemProxy */ = {
			isa = PBXContainerItemProxy;
			containerPortal = 50BCC64023C19361009EB421 /* Project object */;
			proxyType = 1;
			remoteGlobalIDString = 506EE5A723C1A3F800187676;
			remoteInfo = ObjcA;
		};
		50BCC66423C19364009EB421 /* PBXContainerItemProxy */ = {
			isa = PBXContainerItemProxy;
			containerPortal = 50BCC64023C19361009EB421 /* Project object */;
			proxyType = 1;
			remoteGlobalIDString = 50BCC64723C19361009EB421;
			remoteInfo = StaticAgeruyo;
		};
/* End PBXContainerItemProxy section */

/* Begin PBXCopyFilesBuildPhase section */
		506EE5A623C1A3F800187676 /* CopyFiles */ = {
			isa = PBXCopyFilesBuildPhase;
			buildActionMask = 2147483647;
			dstPath = "include/$(PRODUCT_NAME)";
			dstSubfolderSpec = 16;
			files = (
			);
			runOnlyForDeploymentPostprocessing = 0;
		};
		506EE5B623C1A5A800187676 /* CopyFiles */ = {
			isa = PBXCopyFilesBuildPhase;
			buildActionMask = 2147483647;
			dstPath = "include/$(PRODUCT_NAME)";
			dstSubfolderSpec = 16;
			files = (
			);
			runOnlyForDeploymentPostprocessing = 0;
		};
		506EE5CD23C1AB8600187676 /* CopyFiles */ = {
			isa = PBXCopyFilesBuildPhase;
			buildActionMask = 2147483647;
			dstPath = "include/$(PRODUCT_NAME)";
			dstSubfolderSpec = 16;
			files = (
			);
			runOnlyForDeploymentPostprocessing = 0;
		};
		506EE5D823C1AC0700187676 /* CopyFiles */ = {
			isa = PBXCopyFilesBuildPhase;
			buildActionMask = 2147483647;
			dstPath = "include/$(PRODUCT_NAME)";
			dstSubfolderSpec = 16;
			files = (
			);
			runOnlyForDeploymentPostprocessing = 0;
		};
/* End PBXCopyFilesBuildPhase section */

/* Begin PBXFileReference section */
		506EE5A823C1A3F800187676 /* libObjcA.a */ = {isa = PBXFileReference; explicitFileType = archive.ar; includeInIndex = 0; path = libObjcA.a; sourceTree = BUILT_PRODUCTS_DIR; };
		506EE5AA23C1A3F800187676 /* ObjcA.h */ = {isa = PBXFileReference; lastKnownFileType = sourcecode.c.h; path = ObjcA.h; sourceTree = "<group>"; };
		506EE5B123C1A44D00187676 /* HNTHello.h */ = {isa = PBXFileReference; lastKnownFileType = sourcecode.c.h; path = HNTHello.h; sourceTree = "<group>"; };
		506EE5B223C1A44D00187676 /* HNTHello.m */ = {isa = PBXFileReference; lastKnownFileType = sourcecode.c.objc; path = HNTHello.m; sourceTree = "<group>"; };
		506EE5B823C1A5A800187676 /* libSwiftB.a */ = {isa = PBXFileReference; explicitFileType = archive.ar; includeInIndex = 0; path = libSwiftB.a; sourceTree = BUILT_PRODUCTS_DIR; };
		506EE5BA23C1A5A800187676 /* SwiftB.swift */ = {isa = PBXFileReference; lastKnownFileType = sourcecode.swift; path = SwiftB.swift; sourceTree = "<group>"; };
		506EE5C823C1A7ED00187676 /* StaticAgeruyo-Bridging-Header.h */ = {isa = PBXFileReference; lastKnownFileType = sourcecode.c.h; path = "StaticAgeruyo-Bridging-Header.h"; sourceTree = "<group>"; };
		506EE5C923C1A7ED00187676 /* SwiftSource.swift */ = {isa = PBXFileReference; lastKnownFileType = sourcecode.swift; path = SwiftSource.swift; sourceTree = "<group>"; };
		506EE5CF23C1AB8600187676 /* libSwiftA.a */ = {isa = PBXFileReference; explicitFileType = archive.ar; includeInIndex = 0; path = libSwiftA.a; sourceTree = BUILT_PRODUCTS_DIR; };
		506EE5D123C1AB8600187676 /* SwiftA.swift */ = {isa = PBXFileReference; lastKnownFileType = sourcecode.swift; path = SwiftA.swift; sourceTree = "<group>"; };
		506EE5DA23C1AC0700187676 /* libObjcB.a */ = {isa = PBXFileReference; explicitFileType = archive.ar; includeInIndex = 0; path = libObjcB.a; sourceTree = BUILT_PRODUCTS_DIR; };
		506EE5DC23C1AC0700187676 /* ObjcB.h */ = {isa = PBXFileReference; lastKnownFileType = sourcecode.c.h; path = ObjcB.h; sourceTree = "<group>"; };
		506EE5E323C1AC5500187676 /* HNTSolver.h */ = {isa = PBXFileReference; lastKnownFileType = sourcecode.c.h; path = HNTSolver.h; sourceTree = "<group>"; };
		506EE5E423C1AC5500187676 /* HNTSolver.m */ = {isa = PBXFileReference; lastKnownFileType = sourcecode.c.objc; path = HNTSolver.m; sourceTree = "<group>"; };
		506EE5F223C1E98600187676 /* module.modulemap */ = {isa = PBXFileReference; lastKnownFileType = "sourcecode.module-map"; path = module.modulemap; sourceTree = "<group>"; };
		506EE5FC23C1F90300187676 /* HNTInnerHello.h */ = {isa = PBXFileReference; lastKnownFileType = sourcecode.c.h; path = HNTInnerHello.h; sourceTree = "<group>"; };
		506EE5FD23C1F90300187676 /* HNTInnerHello.m */ = {isa = PBXFileReference; lastKnownFileType = sourcecode.c.objc; path = HNTInnerHello.m; sourceTree = "<group>"; };
		506EE60023C1FA2C00187676 /* HNTDeep.h */ = {isa = PBXFileReference; lastKnownFileType = sourcecode.c.h; path = HNTDeep.h; sourceTree = "<group>"; };
		506EE60123C1FA2C00187676 /* HNTDeep.m */ = {isa = PBXFileReference; lastKnownFileType = sourcecode.c.objc; path = HNTDeep.m; sourceTree = "<group>"; };
		50BCC64823C19361009EB421 /* StaticAgeruyo.app */ = {isa = PBXFileReference; explicitFileType = wrapper.application; includeInIndex = 0; path = StaticAgeruyo.app; sourceTree = BUILT_PRODUCTS_DIR; };
		50BCC64B23C19362009EB421 /* AppDelegate.h */ = {isa = PBXFileReference; lastKnownFileType = sourcecode.c.h; path = AppDelegate.h; sourceTree = "<group>"; };
		50BCC64C23C19362009EB421 /* AppDelegate.m */ = {isa = PBXFileReference; lastKnownFileType = sourcecode.c.objc; path = AppDelegate.m; sourceTree = "<group>"; };
		50BCC64E23C19362009EB421 /* SceneDelegate.h */ = {isa = PBXFileReference; lastKnownFileType = sourcecode.c.h; path = SceneDelegate.h; sourceTree = "<group>"; };
		50BCC64F23C19362009EB421 /* SceneDelegate.m */ = {isa = PBXFileReference; lastKnownFileType = sourcecode.c.objc; path = SceneDelegate.m; sourceTree = "<group>"; };
		50BCC65123C19362009EB421 /* ViewController.h */ = {isa = PBXFileReference; lastKnownFileType = sourcecode.c.h; path = ViewController.h; sourceTree = "<group>"; };
		50BCC65223C19362009EB421 /* ViewController.m */ = {isa = PBXFileReference; lastKnownFileType = sourcecode.c.objc; path = ViewController.m; sourceTree = "<group>"; };
		50BCC65523C19362009EB421 /* Base */ = {isa = PBXFileReference; lastKnownFileType = file.storyboard; name = Base; path = Base.lproj/Main.storyboard; sourceTree = "<group>"; };
		50BCC65723C19364009EB421 /* Assets.xcassets */ = {isa = PBXFileReference; lastKnownFileType = folder.assetcatalog; path = Assets.xcassets; sourceTree = "<group>"; };
		50BCC65A23C19364009EB421 /* Base */ = {isa = PBXFileReference; lastKnownFileType = file.storyboard; name = Base; path = Base.lproj/LaunchScreen.storyboard; sourceTree = "<group>"; };
		50BCC65C23C19364009EB421 /* Info.plist */ = {isa = PBXFileReference; lastKnownFileType = text.plist.xml; path = Info.plist; sourceTree = "<group>"; };
		50BCC65D23C19364009EB421 /* main.m */ = {isa = PBXFileReference; lastKnownFileType = sourcecode.c.objc; path = main.m; sourceTree = "<group>"; };
		50BCC66323C19364009EB421 /* StaticAgeruyoTests.xctest */ = {isa = PBXFileReference; explicitFileType = wrapper.cfbundle; includeInIndex = 0; path = StaticAgeruyoTests.xctest; sourceTree = BUILT_PRODUCTS_DIR; };
		50BCC66723C19364009EB421 /* StaticAgeruyoTests.m */ = {isa = PBXFileReference; lastKnownFileType = sourcecode.c.objc; path = StaticAgeruyoTests.m; sourceTree = "<group>"; };
		50BCC66923C19364009EB421 /* Info.plist */ = {isa = PBXFileReference; lastKnownFileType = text.plist.xml; path = Info.plist; sourceTree = "<group>"; };
/* End PBXFileReference section */

/* Begin PBXFrameworksBuildPhase section */
		506EE5A523C1A3F800187676 /* Frameworks */ = {
			isa = PBXFrameworksBuildPhase;
			buildActionMask = 2147483647;
			files = (
			);
			runOnlyForDeploymentPostprocessing = 0;
		};
		506EE5B523C1A5A800187676 /* Frameworks */ = {
			isa = PBXFrameworksBuildPhase;
			buildActionMask = 2147483647;
			files = (
			);
			runOnlyForDeploymentPostprocessing = 0;
		};
		506EE5CC23C1AB8600187676 /* Frameworks */ = {
			isa = PBXFrameworksBuildPhase;
			buildActionMask = 2147483647;
			files = (
			);
			runOnlyForDeploymentPostprocessing = 0;
		};
		506EE5D723C1AC0700187676 /* Frameworks */ = {
			isa = PBXFrameworksBuildPhase;
			buildActionMask = 2147483647;
			files = (
			);
			runOnlyForDeploymentPostprocessing = 0;
		};
		50BCC64523C19361009EB421 /* Frameworks */ = {
			isa = PBXFrameworksBuildPhase;
			buildActionMask = 2147483647;
			files = (
				506EE5E823C1ACE100187676 /* libObjcB.a in Frameworks */,
				506EE5E923C1ACE100187676 /* libSwiftA.a in Frameworks */,
				506EE5C023C1A72600187676 /* libObjcA.a in Frameworks */,
				506EE5C123C1A72600187676 /* libSwiftB.a in Frameworks */,
			);
			runOnlyForDeploymentPostprocessing = 0;
		};
		50BCC66023C19364009EB421 /* Frameworks */ = {
			isa = PBXFrameworksBuildPhase;
			buildActionMask = 2147483647;
			files = (
			);
			runOnlyForDeploymentPostprocessing = 0;
		};
/* End PBXFrameworksBuildPhase section */

/* Begin PBXGroup section */
		506EE5A923C1A3F800187676 /* ObjcA */ = {
			isa = PBXGroup;
			children = (
				506EE5FB23C1F8EF00187676 /* Inner */,
				506EE5AA23C1A3F800187676 /* ObjcA.h */,
				506EE5B123C1A44D00187676 /* HNTHello.h */,
				506EE5B223C1A44D00187676 /* HNTHello.m */,
				506EE5F223C1E98600187676 /* module.modulemap */,
			);
			path = ObjcA;
			sourceTree = "<group>";
		};
		506EE5B923C1A5A800187676 /* SwiftB */ = {
			isa = PBXGroup;
			children = (
				506EE5BA23C1A5A800187676 /* SwiftB.swift */,
			);
			path = SwiftB;
			sourceTree = "<group>";
		};
		506EE5BF23C1A72600187676 /* Frameworks */ = {
			isa = PBXGroup;
			children = (
			);
			name = Frameworks;
			sourceTree = "<group>";
		};
		506EE5D023C1AB8600187676 /* SwiftA */ = {
			isa = PBXGroup;
			children = (
				506EE5D123C1AB8600187676 /* SwiftA.swift */,
			);
			path = SwiftA;
			sourceTree = "<group>";
		};
		506EE5DB23C1AC0700187676 /* ObjcB */ = {
			isa = PBXGroup;
			children = (
				506EE5DC23C1AC0700187676 /* ObjcB.h */,
				506EE5E323C1AC5500187676 /* HNTSolver.h */,
				506EE5E423C1AC5500187676 /* HNTSolver.m */,
			);
			path = ObjcB;
			sourceTree = "<group>";
		};
		506EE5FB23C1F8EF00187676 /* Inner */ = {
			isa = PBXGroup;
			children = (
				506EE5FF23C1FA1200187676 /* Deep */,
				506EE5FC23C1F90300187676 /* HNTInnerHello.h */,
				506EE5FD23C1F90300187676 /* HNTInnerHello.m */,
			);
			path = Inner;
			sourceTree = "<group>";
		};
		506EE5FF23C1FA1200187676 /* Deep */ = {
			isa = PBXGroup;
			children = (
				506EE60023C1FA2C00187676 /* HNTDeep.h */,
				506EE60123C1FA2C00187676 /* HNTDeep.m */,
			);
			path = Deep;
			sourceTree = "<group>";
		};
		50BCC63F23C19361009EB421 = {
			isa = PBXGroup;
			children = (
				50BCC64A23C19361009EB421 /* StaticAgeruyo */,
				506EE5A923C1A3F800187676 /* ObjcA */,
				50BCC66623C19364009EB421 /* StaticAgeruyoTests */,
				506EE5B923C1A5A800187676 /* SwiftB */,
				506EE5D023C1AB8600187676 /* SwiftA */,
				506EE5DB23C1AC0700187676 /* ObjcB */,
				50BCC64923C19361009EB421 /* Products */,
				506EE5BF23C1A72600187676 /* Frameworks */,
			);
			sourceTree = "<group>";
		};
		50BCC64923C19361009EB421 /* Products */ = {
			isa = PBXGroup;
			children = (
				50BCC64823C19361009EB421 /* StaticAgeruyo.app */,
				50BCC66323C19364009EB421 /* StaticAgeruyoTests.xctest */,
				506EE5A823C1A3F800187676 /* libObjcA.a */,
				506EE5B823C1A5A800187676 /* libSwiftB.a */,
				506EE5CF23C1AB8600187676 /* libSwiftA.a */,
				506EE5DA23C1AC0700187676 /* libObjcB.a */,
			);
			name = Products;
			sourceTree = "<group>";
		};
		50BCC64A23C19361009EB421 /* StaticAgeruyo */ = {
			isa = PBXGroup;
			children = (
				50BCC64B23C19362009EB421 /* AppDelegate.h */,
				50BCC64C23C19362009EB421 /* AppDelegate.m */,
				50BCC64E23C19362009EB421 /* SceneDelegate.h */,
				50BCC64F23C19362009EB421 /* SceneDelegate.m */,
				50BCC65123C19362009EB421 /* ViewController.h */,
				50BCC65223C19362009EB421 /* ViewController.m */,
				50BCC65423C19362009EB421 /* Main.storyboard */,
				50BCC65723C19364009EB421 /* Assets.xcassets */,
				50BCC65923C19364009EB421 /* LaunchScreen.storyboard */,
				50BCC65C23C19364009EB421 /* Info.plist */,
				50BCC65D23C19364009EB421 /* main.m */,
				506EE5C923C1A7ED00187676 /* SwiftSource.swift */,
				506EE5C823C1A7ED00187676 /* StaticAgeruyo-Bridging-Header.h */,
			);
			path = StaticAgeruyo;
			sourceTree = "<group>";
		};
		50BCC66623C19364009EB421 /* StaticAgeruyoTests */ = {
			isa = PBXGroup;
			children = (
				50BCC66723C19364009EB421 /* StaticAgeruyoTests.m */,
				50BCC66923C19364009EB421 /* Info.plist */,
			);
			path = StaticAgeruyoTests;
			sourceTree = "<group>";
		};
/* End PBXGroup section */

/* Begin PBXNativeTarget section */
		506EE5A723C1A3F800187676 /* ObjcA */ = {
			isa = PBXNativeTarget;
			buildConfigurationList = 506EE5B023C1A3F800187676 /* Build configuration list for PBXNativeTarget "ObjcA" */;
			buildPhases = (
				506EE5A423C1A3F800187676 /* Sources */,
				506EE5A523C1A3F800187676 /* Frameworks */,
				506EE5A623C1A3F800187676 /* CopyFiles */,
			);
			buildRules = (
			);
			dependencies = (
			);
			name = ObjcA;
			productName = ObjcA;
			productReference = 506EE5A823C1A3F800187676 /* libObjcA.a */;
			productType = "com.apple.product-type.library.static";
		};
		506EE5B723C1A5A800187676 /* SwiftB */ = {
			isa = PBXNativeTarget;
			buildConfigurationList = 506EE5BC23C1A5A800187676 /* Build configuration list for PBXNativeTarget "SwiftB" */;
			buildPhases = (
				506EE5B423C1A5A800187676 /* Sources */,
				506EE5B523C1A5A800187676 /* Frameworks */,
				506EE5B623C1A5A800187676 /* CopyFiles */,
			);
			buildRules = (
			);
			dependencies = (
				506EE5C723C1A74000187676 /* PBXTargetDependency */,
			);
			name = SwiftB;
			productName = SwiftB;
			productReference = 506EE5B823C1A5A800187676 /* libSwiftB.a */;
			productType = "com.apple.product-type.library.static";
		};
		506EE5CE23C1AB8600187676 /* SwiftA */ = {
			isa = PBXNativeTarget;
			buildConfigurationList = 506EE5D323C1AB8600187676 /* Build configuration list for PBXNativeTarget "SwiftA" */;
			buildPhases = (
				506EE5CB23C1AB8600187676 /* Sources */,
				506EE5CC23C1AB8600187676 /* Frameworks */,
				506EE5CD23C1AB8600187676 /* CopyFiles */,
			);
			buildRules = (
			);
			dependencies = (
			);
			name = SwiftA;
			productName = SwiftA;
			productReference = 506EE5CF23C1AB8600187676 /* libSwiftA.a */;
			productType = "com.apple.product-type.library.static";
		};
		506EE5D923C1AC0700187676 /* ObjcB */ = {
			isa = PBXNativeTarget;
			buildConfigurationList = 506EE5E023C1AC0700187676 /* Build configuration list for PBXNativeTarget "ObjcB" */;
			buildPhases = (
				506EE5D623C1AC0700187676 /* Sources */,
				506EE5D723C1AC0700187676 /* Frameworks */,
				506EE5D823C1AC0700187676 /* CopyFiles */,
			);
			buildRules = (
			);
			dependencies = (
				506EE5EB23C1E2F000187676 /* PBXTargetDependency */,
			);
			name = ObjcB;
			productName = ObjcB;
			productReference = 506EE5DA23C1AC0700187676 /* libObjcB.a */;
			productType = "com.apple.product-type.library.static";
		};
		50BCC64723C19361009EB421 /* StaticAgeruyo */ = {
			isa = PBXNativeTarget;
			buildConfigurationList = 50BCC66C23C19364009EB421 /* Build configuration list for PBXNativeTarget "StaticAgeruyo" */;
			buildPhases = (
				50BCC64423C19361009EB421 /* Sources */,
				50BCC64523C19361009EB421 /* Frameworks */,
				50BCC64623C19361009EB421 /* Resources */,
			);
			buildRules = (
			);
			dependencies = (
				506EE5F423C1F29100187676 /* PBXTargetDependency */,
				506EE5E723C1ACD200187676 /* PBXTargetDependency */,
				506EE5C523C1A73300187676 /* PBXTargetDependency */,
			);
			name = StaticAgeruyo;
			productName = StaticAgeruyo;
			productReference = 50BCC64823C19361009EB421 /* StaticAgeruyo.app */;
			productType = "com.apple.product-type.application";
		};
		50BCC66223C19364009EB421 /* StaticAgeruyoTests */ = {
			isa = PBXNativeTarget;
			buildConfigurationList = 50BCC66F23C19364009EB421 /* Build configuration list for PBXNativeTarget "StaticAgeruyoTests" */;
			buildPhases = (
				50BCC65F23C19364009EB421 /* Sources */,
				50BCC66023C19364009EB421 /* Frameworks */,
				50BCC66123C19364009EB421 /* Resources */,
			);
			buildRules = (
			);
			dependencies = (
				50BCC66523C19364009EB421 /* PBXTargetDependency */,
			);
			name = StaticAgeruyoTests;
			productName = StaticAgeruyoTests;
			productReference = 50BCC66323C19364009EB421 /* StaticAgeruyoTests.xctest */;
			productType = "com.apple.product-type.bundle.unit-test";
		};
/* End PBXNativeTarget section */

/* Begin PBXProject section */
		50BCC64023C19361009EB421 /* Project object */ = {
			isa = PBXProject;
			attributes = {
				LastSwiftUpdateCheck = 1130;
				LastUpgradeCheck = 1130;
				ORGANIZATIONNAME = Hironytic;
				TargetAttributes = {
					506EE5A723C1A3F800187676 = {
						CreatedOnToolsVersion = 11.3;
					};
					506EE5B723C1A5A800187676 = {
						CreatedOnToolsVersion = 11.3;
					};
					506EE5CE23C1AB8600187676 = {
						CreatedOnToolsVersion = 11.3;
					};
					506EE5D923C1AC0700187676 = {
						CreatedOnToolsVersion = 11.3;
					};
					50BCC64723C19361009EB421 = {
						CreatedOnToolsVersion = 11.3;
						LastSwiftMigration = 1130;
					};
					50BCC66223C19364009EB421 = {
						CreatedOnToolsVersion = 11.3;
						TestTargetID = 50BCC64723C19361009EB421;
					};
				};
			};
			buildConfigurationList = 50BCC64323C19361009EB421 /* Build configuration list for PBXProject "StaticAgeruyo" */;
			compatibilityVersion = "Xcode 9.3";
			developmentRegion = en;
			hasScannedForEncodings = 0;
			knownRegions = (
				en,
				Base,
			);
			mainGroup = 50BCC63F23C19361009EB421;
			productRefGroup = 50BCC64923C19361009EB421 /* Products */;
			projectDirPath = "";
			projectRoot = "";
			targets = (
				50BCC64723C19361009EB421 /* StaticAgeruyo */,
				50BCC66223C19364009EB421 /* StaticAgeruyoTests */,
				506EE5A723C1A3F800187676 /* ObjcA */,
				506EE5B723C1A5A800187676 /* SwiftB */,
				506EE5CE23C1AB8600187676 /* SwiftA */,
				506EE5D923C1AC0700187676 /* ObjcB */,
			);
		};
/* End PBXProject section */

/* Begin PBXResourcesBuildPhase section */
		50BCC64623C19361009EB421 /* Resources */ = {
			isa = PBXResourcesBuildPhase;
			buildActionMask = 2147483647;
			files = (
				50BCC65B23C19364009EB421 /* LaunchScreen.storyboard in Resources */,
				50BCC65823C19364009EB421 /* Assets.xcassets in Resources */,
				50BCC65623C19362009EB421 /* Main.storyboard in Resources */,
			);
			runOnlyForDeploymentPostprocessing = 0;
		};
		50BCC66123C19364009EB421 /* Resources */ = {
			isa = PBXResourcesBuildPhase;
			buildActionMask = 2147483647;
			files = (
			);
			runOnlyForDeploymentPostprocessing = 0;
		};
/* End PBXResourcesBuildPhase section */

/* Begin PBXSourcesBuildPhase section */
		506EE5A423C1A3F800187676 /* Sources */ = {
			isa = PBXSourcesBuildPhase;
			buildActionMask = 2147483647;
			files = (
				506EE60223C1FA2C00187676 /* HNTDeep.m in Sources */,
				506EE5FE23C1F90300187676 /* HNTInnerHello.m in Sources */,
				506EE5B323C1A44D00187676 /* HNTHello.m in Sources */,
			);
			runOnlyForDeploymentPostprocessing = 0;
		};
		506EE5B423C1A5A800187676 /* Sources */ = {
			isa = PBXSourcesBuildPhase;
			buildActionMask = 2147483647;
			files = (
				506EE5BB23C1A5A800187676 /* SwiftB.swift in Sources */,
			);
			runOnlyForDeploymentPostprocessing = 0;
		};
		506EE5CB23C1AB8600187676 /* Sources */ = {
			isa = PBXSourcesBuildPhase;
			buildActionMask = 2147483647;
			files = (
				506EE5D223C1AB8600187676 /* SwiftA.swift in Sources */,
			);
			runOnlyForDeploymentPostprocessing = 0;
		};
		506EE5D623C1AC0700187676 /* Sources */ = {
			isa = PBXSourcesBuildPhase;
			buildActionMask = 2147483647;
			files = (
				506EE5E523C1AC5500187676 /* HNTSolver.m in Sources */,
			);
			runOnlyForDeploymentPostprocessing = 0;
		};
		50BCC64423C19361009EB421 /* Sources */ = {
			isa = PBXSourcesBuildPhase;
			buildActionMask = 2147483647;
			files = (
				50BCC65323C19362009EB421 /* ViewController.m in Sources */,
				50BCC64D23C19362009EB421 /* AppDelegate.m in Sources */,
				506EE5CA23C1A7ED00187676 /* SwiftSource.swift in Sources */,
				50BCC65E23C19364009EB421 /* main.m in Sources */,
				50BCC65023C19362009EB421 /* SceneDelegate.m in Sources */,
			);
			runOnlyForDeploymentPostprocessing = 0;
		};
		50BCC65F23C19364009EB421 /* Sources */ = {
			isa = PBXSourcesBuildPhase;
			buildActionMask = 2147483647;
			files = (
				50BCC66823C19364009EB421 /* StaticAgeruyoTests.m in Sources */,
			);
			runOnlyForDeploymentPostprocessing = 0;
		};
/* End PBXSourcesBuildPhase section */

/* Begin PBXTargetDependency section */
		506EE5C523C1A73300187676 /* PBXTargetDependency */ = {
			isa = PBXTargetDependency;
			target = 506EE5B723C1A5A800187676 /* SwiftB */;
			targetProxy = 506EE5C423C1A73300187676 /* PBXContainerItemProxy */;
		};
		506EE5C723C1A74000187676 /* PBXTargetDependency */ = {
			isa = PBXTargetDependency;
			target = 506EE5A723C1A3F800187676 /* ObjcA */;
			targetProxy = 506EE5C623C1A74000187676 /* PBXContainerItemProxy */;
		};
		506EE5E723C1ACD200187676 /* PBXTargetDependency */ = {
			isa = PBXTargetDependency;
			target = 506EE5D923C1AC0700187676 /* ObjcB */;
			targetProxy = 506EE5E623C1ACD200187676 /* PBXContainerItemProxy */;
		};
		506EE5EB23C1E2F000187676 /* PBXTargetDependency */ = {
			isa = PBXTargetDependency;
			target = 506EE5CE23C1AB8600187676 /* SwiftA */;
			targetProxy = 506EE5EA23C1E2F000187676 /* PBXContainerItemProxy */;
		};
		506EE5F423C1F29100187676 /* PBXTargetDependency */ = {
			isa = PBXTargetDependency;
			target = 506EE5A723C1A3F800187676 /* ObjcA */;
			targetProxy = 506EE5F323C1F29100187676 /* PBXContainerItemProxy */;
		};
		50BCC66523C19364009EB421 /* PBXTargetDependency */ = {
			isa = PBXTargetDependency;
			target = 50BCC64723C19361009EB421 /* StaticAgeruyo */;
			targetProxy = 50BCC66423C19364009EB421 /* PBXContainerItemProxy */;
		};
/* End PBXTargetDependency section */

/* Begin PBXVariantGroup section */
		50BCC65423C19362009EB421 /* Main.storyboard */ = {
			isa = PBXVariantGroup;
			children = (
				50BCC65523C19362009EB421 /* Base */,
			);
			name = Main.storyboard;
			sourceTree = "<group>";
		};
		50BCC65923C19364009EB421 /* LaunchScreen.storyboard */ = {
			isa = PBXVariantGroup;
			children = (
				50BCC65A23C19364009EB421 /* Base */,
			);
			name = LaunchScreen.storyboard;
			sourceTree = "<group>";
		};
/* End PBXVariantGroup section */

/* Begin XCBuildConfiguration section */
		506EE5AE23C1A3F800187676 /* Debug */ = {
			isa = XCBuildConfiguration;
			buildSettings = {
				CODE_SIGN_STYLE = Automatic;
				DEVELOPMENT_TEAM = EPZSBGGQZS;
				OTHER_LDFLAGS = "-ObjC";
				PRODUCT_NAME = "$(TARGET_NAME)";
				SKIP_INSTALL = YES;
				TARGETED_DEVICE_FAMILY = "1,2";
			};
			name = Debug;
		};
		506EE5AF23C1A3F800187676 /* Release */ = {
			isa = XCBuildConfiguration;
			buildSettings = {
				CODE_SIGN_STYLE = Automatic;
				DEVELOPMENT_TEAM = EPZSBGGQZS;
				OTHER_LDFLAGS = "-ObjC";
				PRODUCT_NAME = "$(TARGET_NAME)";
				SKIP_INSTALL = YES;
				TARGETED_DEVICE_FAMILY = "1,2";
			};
			name = Release;
		};
		506EE5BD23C1A5A800187676 /* Debug */ = {
			isa = XCBuildConfiguration;
			buildSettings = {
				CODE_SIGN_STYLE = Automatic;
				DEVELOPMENT_TEAM = EPZSBGGQZS;
				OTHER_LDFLAGS = "-ObjC";
				PRODUCT_NAME = "$(TARGET_NAME)";
				SKIP_INSTALL = YES;
				SWIFT_ACTIVE_COMPILATION_CONDITIONS = DEBUG;
				SWIFT_INCLUDE_PATHS = "$(SRCROOT)/ObjcA";
				SWIFT_OPTIMIZATION_LEVEL = "-Onone";
				SWIFT_VERSION = 5.0;
				TARGETED_DEVICE_FAMILY = "1,2";
			};
			name = Debug;
		};
		506EE5BE23C1A5A800187676 /* Release */ = {
			isa = XCBuildConfiguration;
			buildSettings = {
				CODE_SIGN_STYLE = Automatic;
				DEVELOPMENT_TEAM = EPZSBGGQZS;
				OTHER_LDFLAGS = "-ObjC";
				PRODUCT_NAME = "$(TARGET_NAME)";
				SKIP_INSTALL = YES;
				SWIFT_COMPILATION_MODE = wholemodule;
				SWIFT_INCLUDE_PATHS = "$(SRCROOT)/ObjcA";
				SWIFT_OPTIMIZATION_LEVEL = "-O";
				SWIFT_VERSION = 5.0;
				TARGETED_DEVICE_FAMILY = "1,2";
			};
			name = Release;
		};
		506EE5D423C1AB8600187676 /* Debug */ = {
			isa = XCBuildConfiguration;
			buildSettings = {
				CODE_SIGN_STYLE = Automatic;
				DEVELOPMENT_TEAM = EPZSBGGQZS;
				OTHER_LDFLAGS = "-ObjC";
				PRODUCT_NAME = "$(TARGET_NAME)";
				SKIP_INSTALL = YES;
				SWIFT_ACTIVE_COMPILATION_CONDITIONS = DEBUG;
				SWIFT_OPTIMIZATION_LEVEL = "-Onone";
				SWIFT_VERSION = 5.0;
				TARGETED_DEVICE_FAMILY = "1,2";
			};
			name = Debug;
		};
		506EE5D523C1AB8600187676 /* Release */ = {
			isa = XCBuildConfiguration;
			buildSettings = {
				CODE_SIGN_STYLE = Automatic;
				DEVELOPMENT_TEAM = EPZSBGGQZS;
				OTHER_LDFLAGS = "-ObjC";
				PRODUCT_NAME = "$(TARGET_NAME)";
				SKIP_INSTALL = YES;
				SWIFT_COMPILATION_MODE = wholemodule;
				SWIFT_OPTIMIZATION_LEVEL = "-O";
				SWIFT_VERSION = 5.0;
				TARGETED_DEVICE_FAMILY = "1,2";
			};
			name = Release;
		};
		506EE5E123C1AC0700187676 /* Debug */ = {
			isa = XCBuildConfiguration;
			buildSettings = {
				CODE_SIGN_STYLE = Automatic;
				DEVELOPMENT_TEAM = EPZSBGGQZS;
				OTHER_LDFLAGS = "-ObjC";
				PRODUCT_NAME = "$(TARGET_NAME)";
				SKIP_INSTALL = YES;
				TARGETED_DEVICE_FAMILY = "1,2";
			};
			name = Debug;
		};
		506EE5E223C1AC0700187676 /* Release */ = {
			isa = XCBuildConfiguration;
			buildSettings = {
				CODE_SIGN_STYLE = Automatic;
				DEVELOPMENT_TEAM = EPZSBGGQZS;
				OTHER_LDFLAGS = "-ObjC";
				PRODUCT_NAME = "$(TARGET_NAME)";
				SKIP_INSTALL = YES;
				TARGETED_DEVICE_FAMILY = "1,2";
			};
			name = Release;
		};
		50BCC66A23C19364009EB421 /* Debug */ = {
			isa = XCBuildConfiguration;
			buildSettings = {
				ALWAYS_SEARCH_USER_PATHS = NO;
				CLANG_ANALYZER_NONNULL = YES;
				CLANG_ANALYZER_NUMBER_OBJECT_CONVERSION = YES_AGGRESSIVE;
				CLANG_CXX_LANGUAGE_STANDARD = "gnu++14";
				CLANG_CXX_LIBRARY = "libc++";
				CLANG_ENABLE_MODULES = YES;
				CLANG_ENABLE_OBJC_ARC = YES;
				CLANG_ENABLE_OBJC_WEAK = YES;
				CLANG_WARN_BLOCK_CAPTURE_AUTORELEASING = YES;
				CLANG_WARN_BOOL_CONVERSION = YES;
				CLANG_WARN_COMMA = YES;
				CLANG_WARN_CONSTANT_CONVERSION = YES;
				CLANG_WARN_DEPRECATED_OBJC_IMPLEMENTATIONS = YES;
				CLANG_WARN_DIRECT_OBJC_ISA_USAGE = YES_ERROR;
				CLANG_WARN_DOCUMENTATION_COMMENTS = YES;
				CLANG_WARN_EMPTY_BODY = YES;
				CLANG_WARN_ENUM_CONVERSION = YES;
				CLANG_WARN_INFINITE_RECURSION = YES;
				CLANG_WARN_INT_CONVERSION = YES;
				CLANG_WARN_NON_LITERAL_NULL_CONVERSION = YES;
				CLANG_WARN_OBJC_IMPLICIT_RETAIN_SELF = YES;
				CLANG_WARN_OBJC_LITERAL_CONVERSION = YES;
				CLANG_WARN_OBJC_ROOT_CLASS = YES_ERROR;
				CLANG_WARN_RANGE_LOOP_ANALYSIS = YES;
				CLANG_WARN_STRICT_PROTOTYPES = YES;
				CLANG_WARN_SUSPICIOUS_MOVE = YES;
				CLANG_WARN_UNGUARDED_AVAILABILITY = YES_AGGRESSIVE;
				CLANG_WARN_UNREACHABLE_CODE = YES;
				CLANG_WARN__DUPLICATE_METHOD_MATCH = YES;
				COPY_PHASE_STRIP = NO;
				DEBUG_INFORMATION_FORMAT = dwarf;
				ENABLE_STRICT_OBJC_MSGSEND = YES;
				ENABLE_TESTABILITY = YES;
				GCC_C_LANGUAGE_STANDARD = gnu11;
				GCC_DYNAMIC_NO_PIC = NO;
				GCC_NO_COMMON_BLOCKS = YES;
				GCC_OPTIMIZATION_LEVEL = 0;
				GCC_PREPROCESSOR_DEFINITIONS = (
					"DEBUG=1",
					"$(inherited)",
				);
				GCC_WARN_64_TO_32_BIT_CONVERSION = YES;
				GCC_WARN_ABOUT_RETURN_TYPE = YES_ERROR;
				GCC_WARN_UNDECLARED_SELECTOR = YES;
				GCC_WARN_UNINITIALIZED_AUTOS = YES_AGGRESSIVE;
				GCC_WARN_UNUSED_FUNCTION = YES;
				GCC_WARN_UNUSED_VARIABLE = YES;
				IPHONEOS_DEPLOYMENT_TARGET = 12.0;
				MTL_ENABLE_DEBUG_INFO = INCLUDE_SOURCE;
				MTL_FAST_MATH = YES;
				ONLY_ACTIVE_ARCH = YES;
				SDKROOT = iphoneos;
				USE_HEADERMAP = NO;
			};
			name = Debug;
		};
		50BCC66B23C19364009EB421 /* Release */ = {
			isa = XCBuildConfiguration;
			buildSettings = {
				ALWAYS_SEARCH_USER_PATHS = NO;
				CLANG_ANALYZER_NONNULL = YES;
				CLANG_ANALYZER_NUMBER_OBJECT_CONVERSION = YES_AGGRESSIVE;
				CLANG_CXX_LANGUAGE_STANDARD = "gnu++14";
				CLANG_CXX_LIBRARY = "libc++";
				CLANG_ENABLE_MODULES = YES;
				CLANG_ENABLE_OBJC_ARC = YES;
				CLANG_ENABLE_OBJC_WEAK = YES;
				CLANG_WARN_BLOCK_CAPTURE_AUTORELEASING = YES;
				CLANG_WARN_BOOL_CONVERSION = YES;
				CLANG_WARN_COMMA = YES;
				CLANG_WARN_CONSTANT_CONVERSION = YES;
				CLANG_WARN_DEPRECATED_OBJC_IMPLEMENTATIONS = YES;
				CLANG_WARN_DIRECT_OBJC_ISA_USAGE = YES_ERROR;
				CLANG_WARN_DOCUMENTATION_COMMENTS = YES;
				CLANG_WARN_EMPTY_BODY = YES;
				CLANG_WARN_ENUM_CONVERSION = YES;
				CLANG_WARN_INFINITE_RECURSION = YES;
				CLANG_WARN_INT_CONVERSION = YES;
				CLANG_WARN_NON_LITERAL_NULL_CONVERSION = YES;
				CLANG_WARN_OBJC_IMPLICIT_RETAIN_SELF = YES;
				CLANG_WARN_OBJC_LITERAL_CONVERSION = YES;
				CLANG_WARN_OBJC_ROOT_CLASS = YES_ERROR;
				CLANG_WARN_RANGE_LOOP_ANALYSIS = YES;
				CLANG_WARN_STRICT_PROTOTYPES = YES;
				CLANG_WARN_SUSPICIOUS_MOVE = YES;
				CLANG_WARN_UNGUARDED_AVAILABILITY = YES_AGGRESSIVE;
				CLANG_WARN_UNREACHABLE_CODE = YES;
				CLANG_WARN__DUPLICATE_METHOD_MATCH = YES;
				COPY_PHASE_STRIP = NO;
				DEBUG_INFORMATION_FORMAT = "dwarf-with-dsym";
				ENABLE_NS_ASSERTIONS = NO;
				ENABLE_STRICT_OBJC_MSGSEND = YES;
				GCC_C_LANGUAGE_STANDARD = gnu11;
				GCC_NO_COMMON_BLOCKS = YES;
				GCC_WARN_64_TO_32_BIT_CONVERSION = YES;
				GCC_WARN_ABOUT_RETURN_TYPE = YES_ERROR;
				GCC_WARN_UNDECLARED_SELECTOR = YES;
				GCC_WARN_UNINITIALIZED_AUTOS = YES_AGGRESSIVE;
				GCC_WARN_UNUSED_FUNCTION = YES;
				GCC_WARN_UNUSED_VARIABLE = YES;
				IPHONEOS_DEPLOYMENT_TARGET = 12.0;
				MTL_ENABLE_DEBUG_INFO = NO;
				MTL_FAST_MATH = YES;
				SDKROOT = iphoneos;
				USE_HEADERMAP = NO;
				VALIDATE_PRODUCT = YES;
			};
			name = Release;
		};
		50BCC66D23C19364009EB421 /* Debug */ = {
			isa = XCBuildConfiguration;
			buildSettings = {
				ASSETCATALOG_COMPILER_APPICON_NAME = AppIcon;
				CLANG_ENABLE_MODULES = YES;
				CODE_SIGN_STYLE = Automatic;
				DEVELOPMENT_TEAM = EPZSBGGQZS;
				INFOPLIST_FILE = StaticAgeruyo/Info.plist;
				LD_RUNPATH_SEARCH_PATHS = (
					"$(inherited)",
					"@executable_path/Frameworks",
				);
				PRODUCT_BUNDLE_IDENTIFIER = com.hironytic.exp.StaticAgeruyo;
				PRODUCT_NAME = "$(TARGET_NAME)";
				SWIFT_OBJC_BRIDGING_HEADER = "StaticAgeruyo/StaticAgeruyo-Bridging-Header.h";
				SWIFT_OPTIMIZATION_LEVEL = "-Onone";
				SWIFT_VERSION = 5.0;
				TARGETED_DEVICE_FAMILY = "1,2";
				USER_HEADER_SEARCH_PATHS = "$(SRCROOT)/ObjcA";
			};
			name = Debug;
		};
		50BCC66E23C19364009EB421 /* Release */ = {
			isa = XCBuildConfiguration;
			buildSettings = {
				ASSETCATALOG_COMPILER_APPICON_NAME = AppIcon;
				CLANG_ENABLE_MODULES = YES;
				CODE_SIGN_STYLE = Automatic;
				DEVELOPMENT_TEAM = EPZSBGGQZS;
				INFOPLIST_FILE = StaticAgeruyo/Info.plist;
				LD_RUNPATH_SEARCH_PATHS = (
					"$(inherited)",
					"@executable_path/Frameworks",
				);
				PRODUCT_BUNDLE_IDENTIFIER = com.hironytic.exp.StaticAgeruyo;
				PRODUCT_NAME = "$(TARGET_NAME)";
				SWIFT_OBJC_BRIDGING_HEADER = "StaticAgeruyo/StaticAgeruyo-Bridging-Header.h";
				SWIFT_VERSION = 5.0;
				TARGETED_DEVICE_FAMILY = "1,2";
				USER_HEADER_SEARCH_PATHS = "$(SRCROOT)/ObjcA";
			};
			name = Release;
		};
		50BCC67023C19364009EB421 /* Debug */ = {
			isa = XCBuildConfiguration;
			buildSettings = {
				ALWAYS_EMBED_SWIFT_STANDARD_LIBRARIES = YES;
				BUNDLE_LOADER = "$(TEST_HOST)";
				CODE_SIGN_STYLE = Automatic;
				DEVELOPMENT_TEAM = EPZSBGGQZS;
				INFOPLIST_FILE = StaticAgeruyoTests/Info.plist;
				IPHONEOS_DEPLOYMENT_TARGET = 13.2;
				LD_RUNPATH_SEARCH_PATHS = (
					"$(inherited)",
					"@executable_path/Frameworks",
					"@loader_path/Frameworks",
				);
				PRODUCT_BUNDLE_IDENTIFIER = com.hironytic.exp.StaticAgeruyoTests;
				PRODUCT_NAME = "$(TARGET_NAME)";
				TARGETED_DEVICE_FAMILY = "1,2";
				TEST_HOST = "$(BUILT_PRODUCTS_DIR)/StaticAgeruyo.app/StaticAgeruyo";
			};
			name = Debug;
		};
		50BCC67123C19364009EB421 /* Release */ = {
			isa = XCBuildConfiguration;
			buildSettings = {
				ALWAYS_EMBED_SWIFT_STANDARD_LIBRARIES = YES;
				BUNDLE_LOADER = "$(TEST_HOST)";
				CODE_SIGN_STYLE = Automatic;
				DEVELOPMENT_TEAM = EPZSBGGQZS;
				INFOPLIST_FILE = StaticAgeruyoTests/Info.plist;
				IPHONEOS_DEPLOYMENT_TARGET = 13.2;
				LD_RUNPATH_SEARCH_PATHS = (
					"$(inherited)",
					"@executable_path/Frameworks",
					"@loader_path/Frameworks",
				);
				PRODUCT_BUNDLE_IDENTIFIER = com.hironytic.exp.StaticAgeruyoTests;
				PRODUCT_NAME = "$(TARGET_NAME)";
				TARGETED_DEVICE_FAMILY = "1,2";
				TEST_HOST = "$(BUILT_PRODUCTS_DIR)/StaticAgeruyo.app/StaticAgeruyo";
			};
			name = Release;
		};
/* End XCBuildConfiguration section */

/* Begin XCConfigurationList section */
		506EE5B023C1A3F800187676 /* Build configuration list for PBXNativeTarget "ObjcA" */ = {
			isa = XCConfigurationList;
			buildConfigurations = (
				506EE5AE23C1A3F800187676 /* Debug */,
				506EE5AF23C1A3F800187676 /* Release */,
			);
			defaultConfigurationIsVisible = 0;
			defaultConfigurationName = Release;
		};
		506EE5BC23C1A5A800187676 /* Build configuration list for PBXNativeTarget "SwiftB" */ = {
			isa = XCConfigurationList;
			buildConfigurations = (
				506EE5BD23C1A5A800187676 /* Debug */,
				506EE5BE23C1A5A800187676 /* Release */,
			);
			defaultConfigurationIsVisible = 0;
			defaultConfigurationName = Release;
		};
		506EE5D323C1AB8600187676 /* Build configuration list for PBXNativeTarget "SwiftA" */ = {
			isa = XCConfigurationList;
			buildConfigurations = (
				506EE5D423C1AB8600187676 /* Debug */,
				506EE5D523C1AB8600187676 /* Release */,
			);
			defaultConfigurationIsVisible = 0;
			defaultConfigurationName = Release;
		};
		506EE5E023C1AC0700187676 /* Build configuration list for PBXNativeTarget "ObjcB" */ = {
			isa = XCConfigurationList;
			buildConfigurations = (
				506EE5E123C1AC0700187676 /* Debug */,
				506EE5E223C1AC0700187676 /* Release */,
			);
			defaultConfigurationIsVisible = 0;
			defaultConfigurationName = Release;
		};
		50BCC64323C19361009EB421 /* Build configuration list for PBXProject "StaticAgeruyo" */ = {
			isa = XCConfigurationList;
			buildConfigurations = (
				50BCC66A23C19364009EB421 /* Debug */,
				50BCC66B23C19364009EB421 /* Release */,
			);
			defaultConfigurationIsVisible = 0;
			defaultConfigurationName = Release;
		};
		50BCC66C23C19364009EB421 /* Build configuration list for PBXNativeTarget "StaticAgeruyo" */ = {
			isa = XCConfigurationList;
			buildConfigurations = (
				50BCC66D23C19364009EB421 /* Debug */,
				50BCC66E23C19364009EB421 /* Release */,
			);
			defaultConfigurationIsVisible = 0;
			defaultConfigurationName = Release;
		};
		50BCC66F23C19364009EB421 /* Build configuration list for PBXNativeTarget "StaticAgeruyoTests" */ = {
			isa = XCConfigurationList;
			buildConfigurations = (
				50BCC67023C19364009EB421 /* Debug */,
				50BCC67123C19364009EB421 /* Release */,
			);
			defaultConfigurationIsVisible = 0;
			defaultConfigurationName = Release;
		};
/* End XCConfigurationList section */
	};
	rootObject = 50BCC64023C19361009EB421 /* Project object */;
}
